<?xml version="1.0" encoding="utf-8"?>
<Project ToolsVersion="4.0" xmlns="http://schemas.microsoft.com/developer/msbuild/2003">
  <ItemGroup>
    <Filter Include="소스 파일">
      <UniqueIdentifier>{4FC737F1-C7A5-4376-A066-2A32D752A2FF}</UniqueIdentifier>
      <Extensions>cpp;c;cc;cxx;def;odl;idl;hpj;bat;asm;asmx</Extensions>
    </Filter>
    <Filter Include="헤더 파일">
      <UniqueIdentifier>{93995380-89BD-4b04-88EB-625FBE52EBFB}</UniqueIdentifier>
      <Extensions>h;hh;hpp;hxx;hm;inl;inc;ipp;xsd</Extensions>
    </Filter>
    <Filter Include="리소스 파일">
      <UniqueIdentifier>{67DA6AB6-F800-4c08-8B7A-83BB121AAD01}</UniqueIdentifier>
      <Extensions>rc;ico;cur;bmp;dlg;rc2;rct;bin;rgs;gif;jpg;jpeg;jpe;resx;tiff;tif;png;wav;mfcribbon-ms</Extensions>
    </Filter>
    <Filter Include="소스 파일\dfs/bfs_basic">
      <UniqueIdentifier>{efddd4cc-5d57-458a-be3b-6c3b04e7f8a3}</UniqueIdentifier>
    </Filter>
    <Filter Include="소스 파일\dfs/bfs_advanced">
      <UniqueIdentifier>{8bca26a5-1220-41ed-8076-dabf251e4391}</UniqueIdentifier>
    </Filter>
    <Filter Include="소스 파일\mst_basic">
      <UniqueIdentifier>{247da407-f096-47c8-9954-77a7a560da26}</UniqueIdentifier>
    </Filter>
    <Filter Include="소스 파일\dp_basic">
      <UniqueIdentifier>{2a3f19d8-d50c-4cf3-997b-a63f3152c9a4}</UniqueIdentifier>
    </Filter>
    <Filter Include="소스 파일\greedy/math">
      <UniqueIdentifier>{fe2106a7-1ce1-4e65-b5fe-2cb2bdb94520}</UniqueIdentifier>
    </Filter>
    <Filter Include="소스 파일\djistra">
      <UniqueIdentifier>{b93cf132-c682-4fcd-b5dd-c14237d793e2}</UniqueIdentifier>
    </Filter>
    <Filter Include="소스 파일\string/map/set">
      <UniqueIdentifier>{83400f44-d2c1-48a2-a77a-b395dc1ea4c5}</UniqueIdentifier>
    </Filter>
    <Filter Include="소스 파일\floyd-washall">
      <UniqueIdentifier>{40ede1bb-45a4-4ba8-8482-38d590157a36}</UniqueIdentifier>
    </Filter>
  </ItemGroup>
  <ItemGroup>
    <ClCompile Include="1012.cpp">
      <Filter>소스 파일\dfs/bfs_basic</Filter>
    </ClCompile>
    <ClCompile Include="1260.cpp">
      <Filter>소스 파일\dfs/bfs_basic</Filter>
    </ClCompile>
    <ClCompile Include="1963.cpp">
      <Filter>소스 파일\dfs/bfs_basic</Filter>
    </ClCompile>
    <ClCompile Include="2178.cpp">
      <Filter>소스 파일\dfs/bfs_basic</Filter>
    </ClCompile>
    <ClCompile Include="2644.cpp">
      <Filter>소스 파일\dfs/bfs_basic</Filter>
    </ClCompile>
    <ClCompile Include="2667.cpp">
      <Filter>소스 파일\dfs/bfs_basic</Filter>
    </ClCompile>
    <ClCompile Include="7576.cpp">
      <Filter>소스 파일\dfs/bfs_basic</Filter>
    </ClCompile>
    <ClCompile Include="10828.cpp">
      <Filter>소스 파일\dfs/bfs_basic</Filter>
    </ClCompile>
    <ClCompile Include="10845.cpp">
      <Filter>소스 파일\dfs/bfs_basic</Filter>
    </ClCompile>
    <ClCompile Include="1113.cpp">
      <Filter>소스 파일\dfs/bfs_advanced</Filter>
    </ClCompile>
    <ClCompile Include="1068.cpp">
      <Filter>소스 파일\mst_basic</Filter>
    </ClCompile>
    <ClCompile Include="1197.cpp">
      <Filter>소스 파일\mst_basic</Filter>
    </ClCompile>
    <ClCompile Include="1647.cpp">
      <Filter>소스 파일\mst_basic</Filter>
    </ClCompile>
    <ClCompile Include="1922.cpp">
      <Filter>소스 파일\mst_basic</Filter>
    </ClCompile>
    <ClCompile Include="13418.cpp">
      <Filter>소스 파일\mst_basic</Filter>
    </ClCompile>
    <ClCompile Include="1149.cpp">
      <Filter>소스 파일\dp_basic</Filter>
    </ClCompile>
    <ClCompile Include="2156.cpp">
      <Filter>소스 파일\dp_basic</Filter>
    </ClCompile>
    <ClCompile Include="2193.cpp">
      <Filter>소스 파일\dp_basic</Filter>
    </ClCompile>
    <ClCompile Include="2579.cpp">
      <Filter>소스 파일\dp_basic</Filter>
    </ClCompile>
    <ClCompile Include="2747.cpp">
      <Filter>소스 파일\dp_basic</Filter>
    </ClCompile>
    <ClCompile Include="9095.cpp">
      <Filter>소스 파일\dp_basic</Filter>
    </ClCompile>
    <ClCompile Include="10870.cpp">
      <Filter>소스 파일\dp_basic</Filter>
    </ClCompile>
    <ClCompile Include="11726.cpp">
      <Filter>소스 파일\dp_basic</Filter>
    </ClCompile>
    <ClCompile Include="1463.cpp">
      <Filter>소스 파일\dp_basic</Filter>
    </ClCompile>
    <ClCompile Include="1932.cpp">
      <Filter>소스 파일\dp_basic</Filter>
    </ClCompile>
    <ClCompile Include="1010.cpp">
      <Filter>소스 파일\dp_basic</Filter>
    </ClCompile>
    <ClCompile Include="1049.cpp">
      <Filter>소스 파일\greedy/math</Filter>
    </ClCompile>
    <ClCompile Include="1138.cpp">
      <Filter>소스 파일\greedy/math</Filter>
    </ClCompile>
    <ClCompile Include="2163.cpp">
      <Filter>소스 파일\greedy/math</Filter>
    </ClCompile>
    <ClCompile Include="10610.cpp">
      <Filter>소스 파일\greedy/math</Filter>
    </ClCompile>
    <ClCompile Include="11047.cpp">
      <Filter>소스 파일\greedy/math</Filter>
    </ClCompile>
    <ClCompile Include="11399.cpp">
      <Filter>소스 파일\greedy/math</Filter>
    </ClCompile>
    <ClCompile Include="9205.cpp">
      <Filter>소스 파일</Filter>
    </ClCompile>
    <ClCompile Include="1753.cpp">
      <Filter>소스 파일\djistra</Filter>
    </ClCompile>
    <ClCompile Include="1916.cpp">
      <Filter>소스 파일\djistra</Filter>
    </ClCompile>
    <ClCompile Include="12834.cpp">
      <Filter>소스 파일\djistra</Filter>
    </ClCompile>
    <ClCompile Include="11656.cpp">
      <Filter>소스 파일\string/map/set</Filter>
    </ClCompile>
    <ClCompile Include="1620.cpp">
      <Filter>소스 파일\string/map/set</Filter>
    </ClCompile>
    <ClCompile Include="1764.cpp">
      <Filter>소스 파일\string/map/set</Filter>
    </ClCompile>
    <ClCompile Include="1389.cpp">
      <Filter>소스 파일\floyd-washall</Filter>
    </ClCompile>
    <ClCompile Include="11780.cpp">
      <Filter>소스 파일\floyd-washall</Filter>
    </ClCompile>
    <ClCompile Include="9663.cpp">
      <Filter>소스 파일</Filter>
    </ClCompile>
    <ClCompile Include="2224.cpp">
      <Filter>소스 파일</Filter>
    </ClCompile>
  </ItemGroup>
</Project>